
Microsoft Visual Studio Solution File, Format Version 12.00
# Visual Studio 15
VisualStudioVersion = 15.0.28010.2016
MinimumVisualStudioVersion = 10.0.40219.1
Project("{FAE04EC0-301F-11D3-BF4B-00C04F79EFBC}") = "Sani", "Sani\Sani.csproj", "{C142A101-B2C8-4E67-8BBE-E28C937346A5}"
EndProject
Project("{FAE04EC0-301F-11D3-BF4B-00C04F79EFBC}") = "Utility", "Utility\Utility.csproj", "{A82C8FD0-F9FD-4075-B994-9A5A554F49B4}"
EndProject
Project("{FAE04EC0-301F-11D3-BF4B-00C04F79EFBC}") = "ViewModel", "ViewData\ViewModel.csproj", "{84335A1C-FCCA-4014-8F87-6B5EE7220FF5}"
EndProject
Project("{FAE04EC0-301F-11D3-BF4B-00C04F79EFBC}") = "ServiceLayer", "ServiceLayer\ServiceLayer.csproj", "{FD8AFA2A-C0DD-48C7-A9B2-6A123922EFFF}"
EndProject
Project("{FAE04EC0-301F-11D3-BF4B-00C04F79EFBC}") = "DataLayer", "DataLayer\DataLayer.csproj", "{46F9B936-12CC-4C37-A8C7-29D1D213AFD1}"
EndProject
Global
	GlobalSection(SolutionConfigurationPlatforms) = preSolution
		Debug|Any CPU = Debug|Any CPU
		Release|Any CPU = Release|Any CPU
	EndGlobalSection
	GlobalSection(ProjectConfigurationPlatforms) = postSolution
		{C142A101-B2C8-4E67-8BBE-E28C937346A5}.Debug|Any CPU.ActiveCfg = Debug|Any CPU
		{C142A101-B2C8-4E67-8BBE-E28C937346A5}.Debug|Any CPU.Build.0 = Debug|Any CPU
		{C142A101-B2C8-4E67-8BBE-E28C937346A5}.Release|Any CPU.ActiveCfg = Release|Any CPU
		{C142A101-B2C8-4E67-8BBE-E28C937346A5}.Release|Any CPU.Build.0 = Release|Any CPU
		{A82C8FD0-F9FD-4075-B994-9A5A554F49B4}.Debug|Any CPU.ActiveCfg = Debug|Any CPU
		{A82C8FD0-F9FD-4075-B994-9A5A554F49B4}.Debug|Any CPU.Build.0 = Debug|Any CPU
		{A82C8FD0-F9FD-4075-B994-9A5A554F49B4}.Release|Any CPU.ActiveCfg = Release|Any CPU
		{A82C8FD0-F9FD-4075-B994-9A5A554F49B4}.Release|Any CPU.Build.0 = Release|Any CPU
		{84335A1C-FCCA-4014-8F87-6B5EE7220FF5}.Debug|Any CPU.ActiveCfg = Debug|Any CPU
		{84335A1C-FCCA-4014-8F87-6B5EE7220FF5}.Debug|Any CPU.Build.0 = Debug|Any CPU
		{84335A1C-FCCA-4014-8F87-6B5EE7220FF5}.Release|Any CPU.ActiveCfg = Release|Any CPU
		{84335A1C-FCCA-4014-8F87-6B5EE7220FF5}.Release|Any CPU.Build.0 = Release|Any CPU
		{FD8AFA2A-C0DD-48C7-A9B2-6A123922EFFF}.Debug|Any CPU.ActiveCfg = Debug|Any CPU
		{FD8AFA2A-C0DD-48C7-A9B2-6A123922EFFF}.Debug|Any CPU.Build.0 = Debug|Any CPU
		{FD8AFA2A-C0DD-48C7-A9B2-6A123922EFFF}.Release|Any CPU.ActiveCfg = Release|Any CPU
		{FD8AFA2A-C0DD-48C7-A9B2-6A123922EFFF}.Release|Any CPU.Build.0 = Release|Any CPU
		{46F9B936-12CC-4C37-A8C7-29D1D213AFD1}.Debug|Any CPU.ActiveCfg = Debug|Any CPU
		{46F9B936-12CC-4C37-A8C7-29D1D213AFD1}.Debug|Any CPU.Build.0 = Debug|Any CPU
		{46F9B936-12CC-4C37-A8C7-29D1D213AFD1}.Release|Any CPU.ActiveCfg = Release|Any CPU
		{46F9B936-12CC-4C37-A8C7-29D1D213AFD1}.Release|Any CPU.Build.0 = Release|Any CPU
	EndGlobalSection
	GlobalSection(SolutionProperties) = preSolution
		HideSolutionNode = FALSE
	EndGlobalSection
	GlobalSection(ExtensibilityGlobals) = postSolution
		SolutionGuid = {1A067D70-A217-4D6E-B0C0-E970806B9BCD}
	EndGlobalSection
EndGlobal
